// !$*UTF8*$!
{
	archiveVersion = 1;
	classes = {
	};
	objectVersion = 46;
	objects = {

/* Begin PBXBuildFile section */
		39CCB33F18E46BB400B84897 /* Foundation.framework in Frameworks */ = {isa = PBXBuildFile; fileRef = 39CCB33E18E46BB400B84897 /* Foundation.framework */; };
		39CCB34118E46BB400B84897 /* CoreGraphics.framework in Frameworks */ = {isa = PBXBuildFile; fileRef = 39CCB34018E46BB400B84897 /* CoreGraphics.framework */; };
		39CCB34318E46BB400B84897 /* UIKit.framework in Frameworks */ = {isa = PBXBuildFile; fileRef = 39CCB34218E46BB400B84897 /* UIKit.framework */; };
		39CCB34918E46BB400B84897 /* InfoPlist.strings in Resources */ = {isa = PBXBuildFile; fileRef = 39CCB34718E46BB400B84897 /* InfoPlist.strings */; };
		39CCB34B18E46BB400B84897 /* main.m in Sources */ = {isa = PBXBuildFile; fileRef = 39CCB34A18E46BB400B84897 /* main.m */; };
		39CCB34F18E46BB400B84897 /* AppDelegate.m in Sources */ = {isa = PBXBuildFile; fileRef = 39CCB34E18E46BB400B84897 /* AppDelegate.m */; };
		39CCB35218E46BB400B84897 /* Main_iPhone.storyboard in Resources */ = {isa = PBXBuildFile; fileRef = 39CCB35018E46BB400B84897 /* Main_iPhone.storyboard */; };
		39CCB35518E46BB400B84897 /* Main_iPad.storyboard in Resources */ = {isa = PBXBuildFile; fileRef = 39CCB35318E46BB400B84897 /* Main_iPad.storyboard */; };
		39CCB35818E46BB400B84897 /* ViewController.m in Sources */ = {isa = PBXBuildFile; fileRef = 39CCB35718E46BB400B84897 /* ViewController.m */; };
		39CCB35A18E46BB400B84897 /* Images.xcassets in Resources */ = {isa = PBXBuildFile; fileRef = 39CCB35918E46BB400B84897 /* Images.xcassets */; };
		39CCB36118E46BB400B84897 /* XCTest.framework in Frameworks */ = {isa = PBXBuildFile; fileRef = 39CCB36018E46BB400B84897 /* XCTest.framework */; };
		39CCB36218E46BB400B84897 /* Foundation.framework in Frameworks */ = {isa = PBXBuildFile; fileRef = 39CCB33E18E46BB400B84897 /* Foundation.framework */; };
		39CCB36318E46BB400B84897 /* UIKit.framework in Frameworks */ = {isa = PBXBuildFile; fileRef = 39CCB34218E46BB400B84897 /* UIKit.framework */; };
		39CCB36B18E46BB400B84897 /* InfoPlist.strings in Resources */ = {isa = PBXBuildFile; fileRef = 39CCB36918E46BB400B84897 /* InfoPlist.strings */; };
		39CCB36D18E46BB400B84897 /* BeaconTrackerTests.m in Sources */ = {isa = PBXBuildFile; fileRef = 39CCB36C18E46BB400B84897 /* BeaconTrackerTests.m */; };
		39CCB37718E46D0F00B84897 /* CoreLocation.framework in Frameworks */ = {isa = PBXBuildFile; fileRef = 39CCB37618E46D0F00B84897 /* CoreLocation.framework */; };
/* End PBXBuildFile section */

/* Begin PBXContainerItemProxy section */
		39CCB36418E46BB400B84897 /* PBXContainerItemProxy */ = {
			isa = PBXContainerItemProxy;
			containerPortal = 39CCB33318E46BB400B84897 /* Project object */;
			proxyType = 1;
			remoteGlobalIDString = 39CCB33A18E46BB400B84897;
			remoteInfo = BeaconTracker;
		};
/* End PBXContainerItemProxy section */

/* Begin PBXFileReference section */
		39CCB33B18E46BB400B84897 /* BeaconTracker.app */ = {isa = PBXFileReference; explicitFileType = wrapper.application; includeInIndex = 0; path = BeaconTracker.app; sourceTree = BUILT_PRODUCTS_DIR; };
		39CCB33E18E46BB400B84897 /* Foundation.framework */ = {isa = PBXFileReference; lastKnownFileType = wrapper.framework; name = Foundation.framework; path = System/Library/Frameworks/Foundation.framework; sourceTree = SDKROOT; };
		39CCB34018E46BB400B84897 /* CoreGraphics.framework */ = {isa = PBXFileReference; lastKnownFileType = wrapper.framework; name = CoreGraphics.framework; path = System/Library/Frameworks/CoreGraphics.framework; sourceTree = SDKROOT; };
		39CCB34218E46BB400B84897 /* UIKit.framework */ = {isa = PBXFileReference; lastKnownFileType = wrapper.framework; name = UIKit.framework; path = System/Library/Frameworks/UIKit.framework; sourceTree = SDKROOT; };
		39CCB34618E46BB400B84897 /* BeaconTracker-Info.plist */ = {isa = PBXFileReference; lastKnownFileType = text.plist.xml; path = "BeaconTracker-Info.plist"; sourceTree = "<group>"; };
		39CCB34818E46BB400B84897 /* en */ = {isa = PBXFileReference; lastKnownFileType = text.plist.strings; name = en; path = en.lproj/InfoPlist.strings; sourceTree = "<group>"; };
		39CCB34A18E46BB400B84897 /* main.m */ = {isa = PBXFileReference; lastKnownFileType = sourcecode.c.objc; path = main.m; sourceTree = "<group>"; };
		39CCB34C18E46BB400B84897 /* BeaconTracker-Prefix.pch */ = {isa = PBXFileReference; lastKnownFileType = sourcecode.c.h; path = "BeaconTracker-Prefix.pch"; sourceTree = "<group>"; };
		39CCB34D18E46BB400B84897 /* AppDelegate.h */ = {isa = PBXFileReference; lastKnownFileType = sourcecode.c.h; path = AppDelegate.h; sourceTree = "<group>"; };
		39CCB34E18E46BB400B84897 /* AppDelegate.m */ = {isa = PBXFileReference; lastKnownFileType = sourcecode.c.objc; path = AppDelegate.m; sourceTree = "<group>"; };
		39CCB35118E46BB400B84897 /* Base */ = {isa = PBXFileReference; lastKnownFileType = file.storyboard; name = Base; path = Base.lproj/Main_iPhone.storyboard; sourceTree = "<group>"; };
		39CCB35418E46BB400B84897 /* Base */ = {isa = PBXFileReference; lastKnownFileType = file.storyboard; name = Base; path = Base.lproj/Main_iPad.storyboard; sourceTree = "<group>"; };
		39CCB35618E46BB400B84897 /* ViewController.h */ = {isa = PBXFileReference; lastKnownFileType = sourcecode.c.h; path = ViewController.h; sourceTree = "<group>"; };
		39CCB35718E46BB400B84897 /* ViewController.m */ = {isa = PBXFileReference; lastKnownFileType = sourcecode.c.objc; path = ViewController.m; sourceTree = "<group>"; };
		39CCB35918E46BB400B84897 /* Images.xcassets */ = {isa = PBXFileReference; lastKnownFileType = folder.assetcatalog; path = Images.xcassets; sourceTree = "<group>"; };
		39CCB35F18E46BB400B84897 /* BeaconTrackerTests.xctest */ = {isa = PBXFileReference; explicitFileType = wrapper.cfbundle; includeInIndex = 0; path = BeaconTrackerTests.xctest; sourceTree = BUILT_PRODUCTS_DIR; };
		39CCB36018E46BB400B84897 /* XCTest.framework */ = {isa = PBXFileReference; lastKnownFileType = wrapper.framework; name = XCTest.framework; path = Library/Frameworks/XCTest.framework; sourceTree = DEVELOPER_DIR; };
		39CCB36818E46BB400B84897 /* BeaconTrackerTests-Info.plist */ = {isa = PBXFileReference; lastKnownFileType = text.plist.xml; path = "BeaconTrackerTests-Info.plist"; sourceTree = "<group>"; };
		39CCB36A18E46BB400B84897 /* en */ = {isa = PBXFileReference; lastKnownFileType = text.plist.strings; name = en; path = en.lproj/InfoPlist.strings; sourceTree = "<group>"; };
		39CCB36C18E46BB400B84897 /* BeaconTrackerTests.m */ = {isa = PBXFileReference; lastKnownFileType = sourcecode.c.objc; path = BeaconTrackerTests.m; sourceTree = "<group>"; };
		39CCB37618E46D0F00B84897 /* CoreLocation.framework */ = {isa = PBXFileReference; lastKnownFileType = wrapper.framework; name = CoreLocation.framework; path = System/Library/Frameworks/CoreLocation.framework; sourceTree = SDKROOT; };
/* End PBXFileReference section */

/* Begin PBXFrameworksBuildPhase section */
		39CCB33818E46BB400B84897 /* Frameworks */ = {
			isa = PBXFrameworksBuildPhase;
			buildActionMask = 2147483647;
			files = (
				39CCB37718E46D0F00B84897 /* CoreLocation.framework in Frameworks */,
				39CCB34118E46BB400B84897 /* CoreGraphics.framework in Frameworks */,
				39CCB34318E46BB400B84897 /* UIKit.framework in Frameworks */,
				39CCB33F18E46BB400B84897 /* Foundation.framework in Frameworks */,
			);
			runOnlyForDeploymentPostprocessing = 0;
		};
		39CCB35C18E46BB400B84897 /* Frameworks */ = {
			isa = PBXFrameworksBuildPhase;
			buildActionMask = 2147483647;
			files = (
				39CCB36118E46BB400B84897 /* XCTest.framework in Frameworks */,
				39CCB36318E46BB400B84897 /* UIKit.framework in Frameworks */,
				39CCB36218E46BB400B84897 /* Foundation.framework in Frameworks */,
			);
			runOnlyForDeploymentPostprocessing = 0;
		};
/* End PBXFrameworksBuildPhase section */

/* Begin PBXGroup section */
		39CCB33218E46BB400B84897 = {
			isa = PBXGroup;
			children = (
				39CCB34418E46BB400B84897 /* BeaconTracker */,
				39CCB36618E46BB400B84897 /* BeaconTrackerTests */,
				39CCB33D18E46BB400B84897 /* Frameworks */,
				39CCB33C18E46BB400B84897 /* Products */,
			);
			sourceTree = "<group>";
		};
		39CCB33C18E46BB400B84897 /* Products */ = {
			isa = PBXGroup;
			children = (
				39CCB33B18E46BB400B84897 /* BeaconTracker.app */,
				39CCB35F18E46BB400B84897 /* BeaconTrackerTests.xctest */,
			);
			name = Products;
			sourceTree = "<group>";
		};
		39CCB33D18E46BB400B84897 /* Frameworks */ = {
			isa = PBXGroup;
			children = (
				39CCB37618E46D0F00B84897 /* CoreLocation.framework */,
				39CCB33E18E46BB400B84897 /* Foundation.framework */,
				39CCB34018E46BB400B84897 /* CoreGraphics.framework */,
				39CCB34218E46BB400B84897 /* UIKit.framework */,
				39CCB36018E46BB400B84897 /* XCTest.framework */,
			);
			name = Frameworks;
			sourceTree = "<group>";
		};
		39CCB34418E46BB400B84897 /* BeaconTracker */ = {
			isa = PBXGroup;
			children = (
				39CCB34D18E46BB400B84897 /* AppDelegate.h */,
				39CCB34E18E46BB400B84897 /* AppDelegate.m */,
				39CCB35018E46BB400B84897 /* Main_iPhone.storyboard */,
				39CCB35318E46BB400B84897 /* Main_iPad.storyboard */,
				39CCB35618E46BB400B84897 /* ViewController.h */,
				39CCB35718E46BB400B84897 /* ViewController.m */,
				39CCB35918E46BB400B84897 /* Images.xcassets */,
				39CCB34518E46BB400B84897 /* Supporting Files */,
			);
			path = BeaconTracker;
			sourceTree = "<group>";
		};
		39CCB34518E46BB400B84897 /* Supporting Files */ = {
			isa = PBXGroup;
			children = (
				39CCB34618E46BB400B84897 /* BeaconTracker-Info.plist */,
				39CCB34718E46BB400B84897 /* InfoPlist.strings */,
				39CCB34A18E46BB400B84897 /* main.m */,
				39CCB34C18E46BB400B84897 /* BeaconTracker-Prefix.pch */,
			);
			name = "Supporting Files";
			sourceTree = "<group>";
		};
		39CCB36618E46BB400B84897 /* BeaconTrackerTests */ = {
			isa = PBXGroup;
			children = (
				39CCB36C18E46BB400B84897 /* BeaconTrackerTests.m */,
				39CCB36718E46BB400B84897 /* Supporting Files */,
			);
			path = BeaconTrackerTests;
			sourceTree = "<group>";
		};
		39CCB36718E46BB400B84897 /* Supporting Files */ = {
			isa = PBXGroup;
			children = (
				39CCB36818E46BB400B84897 /* BeaconTrackerTests-Info.plist */,
				39CCB36918E46BB400B84897 /* InfoPlist.strings */,
			);
			name = "Supporting Files";
			sourceTree = "<group>";
		};
/* End PBXGroup section */

/* Begin PBXNativeTarget section */
		39CCB33A18E46BB400B84897 /* BeaconTracker */ = {
			isa = PBXNativeTarget;
			buildConfigurationList = 39CCB37018E46BB400B84897 /* Build configuration list for PBXNativeTarget "BeaconTracker" */;
			buildPhases = (
				39CCB33718E46BB400B84897 /* Sources */,
				39CCB33818E46BB400B84897 /* Frameworks */,
				39CCB33918E46BB400B84897 /* Resources */,
			);
			buildRules = (
			);
			dependencies = (
			);
			name = BeaconTracker;
			productName = BeaconTracker;
			productReference = 39CCB33B18E46BB400B84897 /* BeaconTracker.app */;
			productType = "com.apple.product-type.application";
		};
		39CCB35E18E46BB400B84897 /* BeaconTrackerTests */ = {
			isa = PBXNativeTarget;
			buildConfigurationList = 39CCB37318E46BB400B84897 /* Build configuration list for PBXNativeTarget "BeaconTrackerTests" */;
			buildPhases = (
				39CCB35B18E46BB400B84897 /* Sources */,
				39CCB35C18E46BB400B84897 /* Frameworks */,
				39CCB35D18E46BB400B84897 /* Resources */,
			);
			buildRules = (
			);
			dependencies = (
				39CCB36518E46BB400B84897 /* PBXTargetDependency */,
			);
			name = BeaconTrackerTests;
			productName = BeaconTrackerTests;
			productReference = 39CCB35F18E46BB400B84897 /* BeaconTrackerTests.xctest */;
			productType = "com.apple.product-type.bundle.unit-test";
		};
/* End PBXNativeTarget section */

/* Begin PBXProject section */
		39CCB33318E46BB400B84897 /* Project object */ = {
			isa = PBXProject;
			attributes = {
				LastUpgradeCheck = 0510;
				ORGANIZATIONNAME = "Matthias Krauß";
				TargetAttributes = {
					39CCB35E18E46BB400B84897 = {
						TestTargetID = 39CCB33A18E46BB400B84897;
					};
				};
			};
			buildConfigurationList = 39CCB33618E46BB400B84897 /* Build configuration list for PBXProject "BeaconTracker" */;
			compatibilityVersion = "Xcode 3.2";
			developmentRegion = English;
			hasScannedForEncodings = 0;
			knownRegions = (
				en,
				Base,
			);
			mainGroup = 39CCB33218E46BB400B84897;
			productRefGroup = 39CCB33C18E46BB400B84897 /* Products */;
			projectDirPath = "";
			projectRoot = "";
			targets = (
				39CCB33A18E46BB400B84897 /* BeaconTracker */,
				39CCB35E18E46BB400B84897 /* BeaconTrackerTests */,
			);
		};
/* End PBXProject section */

/* Begin PBXResourcesBuildPhase section */
		39CCB33918E46BB400B84897 /* Resources */ = {
			isa = PBXResourcesBuildPhase;
			buildActionMask = 2147483647;
			files = (
				39CCB35518E46BB400B84897 /* Main_iPad.storyboard in Resources */,
				39CCB35A18E46BB400B84897 /* Images.xcassets in Resources */,
				39CCB35218E46BB400B84897 /* Main_iPhone.storyboard in Resources */,
				39CCB34918E46BB400B84897 /* InfoPlist.strings in Resources */,
			);
			runOnlyForDeploymentPostprocessing = 0;
		};
		39CCB35D18E46BB400B84897 /* Resources */ = {
			isa = PBXResourcesBuildPhase;
			buildActionMask = 2147483647;
			files = (
				39CCB36B18E46BB400B84897 /* InfoPlist.strings in Resources */,
			);
			runOnlyForDeploymentPostprocessing = 0;
		};
/* End PBXResourcesBuildPhase section */

/* Begin PBXSourcesBuildPhase section */
		39CCB33718E46BB400B84897 /* Sources */ = {
			isa = PBXSourcesBuildPhase;
			buildActionMask = 2147483647;
			files = (
				39CCB35818E46BB400B84897 /* ViewController.m in Sources */,
				39CCB34F18E46BB400B84897 /* AppDelegate.m in Sources */,
				39CCB34B18E46BB400B84897 /* main.m in Sources */,
			);
			runOnlyForDeploymentPostprocessing = 0;
		};
		39CCB35B18E46BB400B84897 /* Sources */ = {
			isa = PBXSourcesBuildPhase;
			buildActionMask = 2147483647;
			files = (
				39CCB36D18E46BB400B84897 /* BeaconTrackerTests.m in Sources */,
			);
			runOnlyForDeploymentPostprocessing = 0;
		};
/* End PBXSourcesBuildPhase section */

/* Begin PBXTargetDependency section */
		39CCB36518E46BB400B84897 /* PBXTargetDependency */ = {
			isa = PBXTargetDependency;
			target = 39CCB33A18E46BB400B84897 /* BeaconTracker */;
			targetProxy = 39CCB36418E46BB400B84897 /* PBXContainerItemProxy */;
		};
/* End PBXTargetDependency section */

/* Begin PBXVariantGroup section */
		39CCB34718E46BB400B84897 /* InfoPlist.strings */ = {
			isa = PBXVariantGroup;
			children = (
				39CCB34818E46BB400B84897 /* en */,
			);
			name = InfoPlist.strings;
			sourceTree = "<group>";
		};
		39CCB35018E46BB400B84897 /* Main_iPhone.storyboard */ = {
			isa = PBXVariantGroup;
			children = (
				39CCB35118E46BB400B84897 /* Base */,
			);
			name = Main_iPhone.storyboard;
			sourceTree = "<group>";
		};
		39CCB35318E46BB400B84897 /* Main_iPad.storyboard */ = {
			isa = PBXVariantGroup;
			children = (
				39CCB35418E46BB400B84897 /* Base */,
			);
			name = Main_iPad.storyboard;
			sourceTree = "<group>";
		};
		39CCB36918E46BB400B84897 /* InfoPlist.strings */ = {
			isa = PBXVariantGroup;
			children = (
				39CCB36A18E46BB400B84897 /* en */,
			);
			name = InfoPlist.strings;
			sourceTree = "<group>";
		};
/* End PBXVariantGroup section */

/* Begin XCBuildConfiguration section */
		39CCB36E18E46BB400B84897 /* Debug */ = {
			isa = XCBuildConfiguration;
			buildSettings = {
				ALWAYS_SEARCH_USER_PATHS = NO;
				CLANG_CXX_LANGUAGE_STANDARD = "gnu++0x";
				CLANG_CXX_LIBRARY = "libc++";
				CLANG_ENABLE_MODULES = YES;
				CLANG_ENABLE_OBJC_ARC = YES;
				CLANG_WARN_BOOL_CONVERSION = YES;
				CLANG_WARN_CONSTANT_CONVERSION = YES;
				CLANG_WARN_DIRECT_OBJC_ISA_USAGE = YES_ERROR;
				CLANG_WARN_EMPTY_BODY = YES;
				CLANG_WARN_ENUM_CONVERSION = YES;
				CLANG_WARN_INT_CONVERSION = YES;
				CLANG_WARN_OBJC_ROOT_CLASS = YES_ERROR;
				CLANG_WARN__DUPLICATE_METHOD_MATCH = YES;
				"CODE_SIGN_IDENTITY[sdk=iphoneos*]" = "iPhone Developer";
				COPY_PHASE_STRIP = NO;
				GCC_C_LANGUAGE_STANDARD = gnu99;
				GCC_DYNAMIC_NO_PIC = NO;
				GCC_OPTIMIZATION_LEVEL = 0;
				GCC_PREPROCESSOR_DEFINITIONS = (
					"DEBUG=1",
					"$(inherited)",
				);
				GCC_SYMBOLS_PRIVATE_EXTERN = NO;
				GCC_WARN_64_TO_32_BIT_CONVERSION = YES;
				GCC_WARN_ABOUT_RETURN_TYPE = YES_ERROR;
				GCC_WARN_UNDECLARED_SELECTOR = YES;
				GCC_WARN_UNINITIALIZED_AUTOS = YES_AGGRESSIVE;
				GCC_WARN_UNUSED_FUNCTION = YES;
				GCC_WARN_UNUSED_VARIABLE = YES;
				IPHONEOS_DEPLOYMENT_TARGET = 7.1;
				ONLY_ACTIVE_ARCH = YES;
				SDKROOT = iphoneos;
				TARGETED_DEVICE_FAMILY = "1,2";
			};
			name = Debug;
		};
		39CCB36F18E46BB400B84897 /* Release */ = {
			isa = XCBuildConfiguration;
			buildSettings = {
				ALWAYS_SEARCH_USER_PATHS = NO;
				CLANG_CXX_LANGUAGE_STANDARD = "gnu++0x";
				CLANG_CXX_LIBRARY = "libc++";
				CLANG_ENABLE_MODULES = YES;
				CLANG_ENABLE_OBJC_ARC = YES;
				CLANG_WARN_BOOL_CONVERSION = YES;
				CLANG_WARN_CONSTANT_CONVERSION = YES;
				CLANG_WARN_DIRECT_OBJC_ISA_USAGE = YES_ERROR;
				CLANG_WARN_EMPTY_BODY = YES;
				CLANG_WARN_ENUM_CONVERSION = YES;
				CLANG_WARN_INT_CONVERSION = YES;
				CLANG_WARN_OBJC_ROOT_CLASS = YES_ERROR;
				CLANG_WARN__DUPLICATE_METHOD_MATCH = YES;
				"CODE_SIGN_IDENTITY[sdk=iphoneos*]" = "iPhone Developer";
				COPY_PHASE_STRIP = YES;
				ENABLE_NS_ASSERTIONS = NO;
				GCC_C_LANGUAGE_STANDARD = gnu99;
				GCC_WARN_64_TO_32_BIT_CONVERSION = YES;
				GCC_WARN_ABOUT_RETURN_TYPE = YES_ERROR;
				GCC_WARN_UNDECLARED_SELECTOR = YES;
				GCC_WARN_UNINITIALIZED_AUTOS = YES_AGGRESSIVE;
				GCC_WARN_UNUSED_FUNCTION = YES;
				GCC_WARN_UNUSED_VARIABLE = YES;
				IPHONEOS_DEPLOYMENT_TARGET = 7.1;
				SDKROOT = iphoneos;
				TARGETED_DEVICE_FAMILY = "1,2";
				VALIDATE_PRODUCT = YES;
			};
			name = Release;
		};
		39CCB37118E46BB400B84897 /* Debug */ = {
			isa = XCBuildConfiguration;
			buildSettings = {
				ASSETCATALOG_COMPILER_APPICON_NAME = AppIcon;
				ASSETCATALOG_COMPILER_LAUNCHIMAGE_NAME = LaunchImage;
				GCC_PRECOMPILE_PREFIX_HEADER = YES;
				GCC_PREFIX_HEADER = "BeaconTracker/BeaconTracker-Prefix.pch";
				INFOPLIST_FILE = "BeaconTracker/BeaconTracker-Info.plist";
				PRODUCT_NAME = "$(TARGET_NAME)";
				TARGETED_DEVICE_FAMILY = 2;
				WRAPPER_EXTENSION = app;
			};
			name = Debug;
		};
		39CCB37218E46BB400B84897 /* Release */ = {
			isa = XCBuildConfiguration;
			buildSettings = {
				ASSETCATALOG_COMPILER_APPICON_NAME = AppIcon;
				ASSETCATALOG_COMPILER_LAUNCHIMAGE_NAME = LaunchImage;
				GCC_PRECOMPILE_PREFIX_HEADER = YES;
				GCC_PREFIX_HEADER = "BeaconTracker/BeaconTracker-Prefix.pch";
				INFOPLIST_FILE = "BeaconTracker/BeaconTracker-Info.plist";
				PRODUCT_NAME = "$(TARGET_NAME)";
				TARGETED_DEVICE_FAMILY = 2;
				WRAPPER_EXTENSION = app;
			};
			name = Release;
		};
		39CCB37418E46BB400B84897 /* Debug */ = {
			isa = XCBuildConfiguration;
			buildSettings = {
				BUNDLE_LOADER = "$(BUILT_PRODUCTS_DIR)/BeaconTracker.app/BeaconTracker";
				FRAMEWORK_SEARCH_PATHS = (
					"$(SDKROOT)/Developer/Library/Frameworks",
					"$(inherited)",
					"$(DEVELOPER_FRAMEWORKS_DIR)",
				);
				GCC_PRECOMPILE_PREFIX_HEADER = YES;
				GCC_PREFIX_HEADER = "BeaconTracker/BeaconTracker-Prefix.pch";
				GCC_PREPROCESSOR_DEFINITIONS = (
					"DEBUG=1",
					"$(inherited)",
				);
				INFOPLIST_FILE = "BeaconTrackerTests/BeaconTrackerTests-Info.plist";
				PRODUCT_NAME = "$(TARGET_NAME)";
				TEST_HOST = "$(BUNDLE_LOADER)";
				WRAPPER_EXTENSION = xctest;
			};
			name = Debug;
		};
		39CCB37518E46BB400B84897 /* Release */ = {
			isa = XCBuildConfiguration;
			buildSettings = {
				BUNDLE_LOADER = "$(BUILT_PRODUCTS_DIR)/BeaconTracker.app/BeaconTracker";
				FRAMEWORK_SEARCH_PATHS = (
					"$(SDKROOT)/Developer/Library/Frameworks",
					"$(inherited)",
					"$(DEVELOPER_FRAMEWORKS_DIR)",
				);
				GCC_PRECOMPILE_PREFIX_HEADER = YES;
				GCC_PREFIX_HEADER = "BeaconTracker/BeaconTracker-Prefix.pch";
				INFOPLIST_FILE = "BeaconTrackerTests/BeaconTrackerTests-Info.plist";
				PRODUCT_NAME = "$(TARGET_NAME)";
				TEST_HOST = "$(BUNDLE_LOADER)";
				WRAPPER_EXTENSION = xctest;
			};
			name = Release;
		};
/* End XCBuildConfiguration section */

/* Begin XCConfigurationList section */
		39CCB33618E46BB400B84897 /* Build configuration list for PBXProject "BeaconTracker" */ = {
			isa = XCConfigurationList;
			buildConfigurations = (
				39CCB36E18E46BB400B84897 /* Debug */,
				39CCB36F18E46BB400B84897 /* Release */,
			);
			defaultConfigurationIsVisible = 0;
			defaultConfigurationName = Release;
		};
		39CCB37018E46BB400B84897 /* Build configuration list for PBXNativeTarget "BeaconTracker" */ = {
			isa = XCConfigurationList;
			buildConfigurations = (
				39CCB37118E46BB400B84897 /* Debug */,
				39CCB37218E46BB400B84897 /* Release */,
			);
			defaultConfigurationIsVisible = 0;
		};
		39CCB37318E46BB400B84897 /* Build configuration list for PBXNativeTarget "BeaconTrackerTests" */ = {
			isa = XCConfigurationList;
			buildConfigurations = (
				39CCB37418E46BB400B84897 /* Debug */,
				39CCB37518E46BB400B84897 /* Release */,
			);
			defaultConfigurationIsVisible = 0;
		};
/* End XCConfigurationList section */
	};
	rootObject = 39CCB33318E46BB400B84897 /* Project object */;
}
